// !$*UTF8*$!
{
	archiveVersion = 1;
	classes = {
	};
	objectVersion = 50;
	objects = {

/* Begin PBXBuildFile section */
		C65AC6192448FDFF0016EC24 /* SizeToStringTransformer.swift in Sources */ = {isa = PBXBuildFile; fileRef = C65AC6182448FDFF0016EC24 /* SizeToStringTransformer.swift */; };
		F94AF9BF24425236006E5908 /* AppDelegate.swift in Sources */ = {isa = PBXBuildFile; fileRef = F94AF9BE24425236006E5908 /* AppDelegate.swift */; };
		F94AF9C124425236006E5908 /* IPAViewController.swift in Sources */ = {isa = PBXBuildFile; fileRef = F94AF9C024425236006E5908 /* IPAViewController.swift */; };
		F94AF9C324425239006E5908 /* Assets.xcassets in Resources */ = {isa = PBXBuildFile; fileRef = F94AF9C224425239006E5908 /* Assets.xcassets */; };
		F94AF9C624425239006E5908 /* Main.storyboard in Resources */ = {isa = PBXBuildFile; fileRef = F94AF9C424425239006E5908 /* Main.storyboard */; };
		F94AF9D224425760006E5908 /* MetaFiles.swift in Sources */ = {isa = PBXBuildFile; fileRef = F94AF9D124425760006E5908 /* MetaFiles.swift */; };
		F9DBF39B244B2F1800B0257C /* SizeExtension.swift in Sources */ = {isa = PBXBuildFile; fileRef = F9DBF39A244B2F1800B0257C /* SizeExtension.swift */; };
		F9DBF39D244B2FE800B0257C /* StringExtension.swift in Sources */ = {isa = PBXBuildFile; fileRef = F9DBF39C244B2FE800B0257C /* StringExtension.swift */; };
		F9E2AEB82446482C00147A2A /* FileManagerInjectable.swift in Sources */ = {isa = PBXBuildFile; fileRef = F9E2AEB72446482C00147A2A /* FileManagerInjectable.swift */; };
		F9E2AEBA2446497400147A2A /* Remover.swift in Sources */ = {isa = PBXBuildFile; fileRef = F9E2AEB92446497400147A2A /* Remover.swift */; };
/* End PBXBuildFile section */

/* Begin PBXFileReference section */
		C65AC6182448FDFF0016EC24 /* SizeToStringTransformer.swift */ = {isa = PBXFileReference; lastKnownFileType = sourcecode.swift; path = SizeToStringTransformer.swift; sourceTree = "<group>"; };
		F94AF9BB24425236006E5908 /* IPA remover.app */ = {isa = PBXFileReference; explicitFileType = wrapper.application; includeInIndex = 0; path = "IPA remover.app"; sourceTree = BUILT_PRODUCTS_DIR; };
		F94AF9BE24425236006E5908 /* AppDelegate.swift */ = {isa = PBXFileReference; lastKnownFileType = sourcecode.swift; path = AppDelegate.swift; sourceTree = "<group>"; };
		F94AF9C024425236006E5908 /* IPAViewController.swift */ = {isa = PBXFileReference; lastKnownFileType = sourcecode.swift; path = IPAViewController.swift; sourceTree = "<group>"; };
		F94AF9C224425239006E5908 /* Assets.xcassets */ = {isa = PBXFileReference; lastKnownFileType = folder.assetcatalog; path = Assets.xcassets; sourceTree = "<group>"; };
		F94AF9C524425239006E5908 /* Base */ = {isa = PBXFileReference; lastKnownFileType = file.storyboard; name = Base; path = Base.lproj/Main.storyboard; sourceTree = "<group>"; };
		F94AF9C724425239006E5908 /* Info.plist */ = {isa = PBXFileReference; lastKnownFileType = text.plist.xml; path = Info.plist; sourceTree = "<group>"; };
		F94AF9C824425239006E5908 /* IPA_remover.entitlements */ = {isa = PBXFileReference; lastKnownFileType = text.plist.entitlements; path = IPA_remover.entitlements; sourceTree = "<group>"; };
		F94AF9D124425760006E5908 /* MetaFiles.swift */ = {isa = PBXFileReference; lastKnownFileType = sourcecode.swift; path = MetaFiles.swift; sourceTree = "<group>"; };
		F9DBF39A244B2F1800B0257C /* SizeExtension.swift */ = {isa = PBXFileReference; lastKnownFileType = sourcecode.swift; path = SizeExtension.swift; sourceTree = "<group>"; };
		F9DBF39C244B2FE800B0257C /* StringExtension.swift */ = {isa = PBXFileReference; lastKnownFileType = sourcecode.swift; path = StringExtension.swift; sourceTree = "<group>"; };
		F9E2AEB72446482C00147A2A /* FileManagerInjectable.swift */ = {isa = PBXFileReference; lastKnownFileType = sourcecode.swift; path = FileManagerInjectable.swift; sourceTree = "<group>"; };
		F9E2AEB92446497400147A2A /* Remover.swift */ = {isa = PBXFileReference; lastKnownFileType = sourcecode.swift; path = Remover.swift; sourceTree = "<group>"; };
/* End PBXFileReference section */

/* Begin PBXFrameworksBuildPhase section */
		F94AF9B824425236006E5908 /* Frameworks */ = {
			isa = PBXFrameworksBuildPhase;
			buildActionMask = 2147483647;
			files = (
			);
			runOnlyForDeploymentPostprocessing = 0;
		};
/* End PBXFrameworksBuildPhase section */

/* Begin PBXGroup section */
		F94AF9B224425236006E5908 = {
			isa = PBXGroup;
			children = (
				F94AF9BD24425236006E5908 /* IPA remover */,
				F94AF9BC24425236006E5908 /* Products */,
			);
			sourceTree = "<group>";
		};
		F94AF9BC24425236006E5908 /* Products */ = {
			isa = PBXGroup;
			children = (
				F94AF9BB24425236006E5908 /* IPA remover.app */,
			);
			name = Products;
			sourceTree = "<group>";
		};
		F94AF9BD24425236006E5908 /* IPA remover */ = {
			isa = PBXGroup;
			children = (
				F94AF9BE24425236006E5908 /* AppDelegate.swift */,
				F94AF9C024425236006E5908 /* IPAViewController.swift */,
				F94AF9C224425239006E5908 /* Assets.xcassets */,
				F94AF9C424425239006E5908 /* Main.storyboard */,
				F94AF9C724425239006E5908 /* Info.plist */,
				F94AF9C824425239006E5908 /* IPA_remover.entitlements */,
				F94AF9CE244254C7006E5908 /* Models */,
			);
			path = "IPA remover";
			sourceTree = "<group>";
		};
		F94AF9CE244254C7006E5908 /* Models */ = {
			isa = PBXGroup;
			children = (
				F94AF9D124425760006E5908 /* MetaFiles.swift */,
				F9E2AEB72446482C00147A2A /* FileManagerInjectable.swift */,
				F9E2AEB92446497400147A2A /* Remover.swift */,
				C65AC6182448FDFF0016EC24 /* SizeToStringTransformer.swift */,
				F9DBF399244B2F0200B0257C /* Extensions */,
			);
			path = Models;
			sourceTree = "<group>";
		};
		F9DBF399244B2F0200B0257C /* Extensions */ = {
			isa = PBXGroup;
			children = (
				F9DBF39A244B2F1800B0257C /* SizeExtension.swift */,
				F9DBF39C244B2FE800B0257C /* StringExtension.swift */,
			);
			path = Extensions;
			sourceTree = "<group>";
		};
/* End PBXGroup section */

/* Begin PBXNativeTarget section */
		F94AF9BA24425236006E5908 /* IPA remover */ = {
			isa = PBXNativeTarget;
			buildConfigurationList = F94AF9CB24425239006E5908 /* Build configuration list for PBXNativeTarget "IPA remover" */;
			buildPhases = (
				F94AF9B724425236006E5908 /* Sources */,
				F94AF9B824425236006E5908 /* Frameworks */,
				F94AF9B924425236006E5908 /* Resources */,
			);
			buildRules = (
			);
			dependencies = (
			);
			name = "IPA remover";
			productName = "IPA remover";
			productReference = F94AF9BB24425236006E5908 /* IPA remover.app */;
			productType = "com.apple.product-type.application";
		};
/* End PBXNativeTarget section */

/* Begin PBXProject section */
		F94AF9B324425236006E5908 /* Project object */ = {
			isa = PBXProject;
			attributes = {
				LastSwiftUpdateCheck = 1140;
				LastUpgradeCheck = 1140;
				ORGANIZATIONNAME = "Yaroslav Kopylov";
				TargetAttributes = {
					F94AF9BA24425236006E5908 = {
						CreatedOnToolsVersion = 11.4;
					};
				};
			};
			buildConfigurationList = F94AF9B624425236006E5908 /* Build configuration list for PBXProject "IPA remover" */;
			compatibilityVersion = "Xcode 9.3";
			developmentRegion = en;
			hasScannedForEncodings = 0;
			knownRegions = (
				en,
				Base,
			);
			mainGroup = F94AF9B224425236006E5908;
			productRefGroup = F94AF9BC24425236006E5908 /* Products */;
			projectDirPath = "";
			projectRoot = "";
			targets = (
				F94AF9BA24425236006E5908 /* IPA remover */,
			);
		};
/* End PBXProject section */

/* Begin PBXResourcesBuildPhase section */
		F94AF9B924425236006E5908 /* Resources */ = {
			isa = PBXResourcesBuildPhase;
			buildActionMask = 2147483647;
			files = (
				F94AF9C324425239006E5908 /* Assets.xcassets in Resources */,
				F94AF9C624425239006E5908 /* Main.storyboard in Resources */,
			);
			runOnlyForDeploymentPostprocessing = 0;
		};
/* End PBXResourcesBuildPhase section */

/* Begin PBXSourcesBuildPhase section */
		F94AF9B724425236006E5908 /* Sources */ = {
			isa = PBXSourcesBuildPhase;
			buildActionMask = 2147483647;
			files = (
				F9E2AEB82446482C00147A2A /* FileManagerInjectable.swift in Sources */,
				F94AF9C124425236006E5908 /* IPAViewController.swift in Sources */,
				F9E2AEBA2446497400147A2A /* Remover.swift in Sources */,
				F94AF9D224425760006E5908 /* MetaFiles.swift in Sources */,
				F9DBF39D244B2FE800B0257C /* StringExtension.swift in Sources */,
				C65AC6192448FDFF0016EC24 /* SizeToStringTransformer.swift in Sources */,
				F9DBF39B244B2F1800B0257C /* SizeExtension.swift in Sources */,
				F94AF9BF24425236006E5908 /* AppDelegate.swift in Sources */,
			);
			runOnlyForDeploymentPostprocessing = 0;
		};
/* End PBXSourcesBuildPhase section */

/* Begin PBXVariantGroup section */
		F94AF9C424425239006E5908 /* Main.storyboard */ = {
			isa = PBXVariantGroup;
			children = (
				F94AF9C524425239006E5908 /* Base */,
			);
			name = Main.storyboard;
			sourceTree = "<group>";
		};
/* End PBXVariantGroup section */

/* Begin XCBuildConfiguration section */
		F94AF9C924425239006E5908 /* Debug */ = {
			isa = XCBuildConfiguration;
			buildSettings = {
				ALWAYS_SEARCH_USER_PATHS = NO;
				CLANG_ANALYZER_NONNULL = YES;
				CLANG_ANALYZER_NUMBER_OBJECT_CONVERSION = YES_AGGRESSIVE;
				CLANG_CXX_LANGUAGE_STANDARD = "gnu++14";
				CLANG_CXX_LIBRARY = "libc++";
				CLANG_ENABLE_MODULES = YES;
				CLANG_ENABLE_OBJC_ARC = YES;
				CLANG_ENABLE_OBJC_WEAK = YES;
				CLANG_WARN_BLOCK_CAPTURE_AUTORELEASING = YES;
				CLANG_WARN_BOOL_CONVERSION = YES;
				CLANG_WARN_COMMA = YES;
				CLANG_WARN_CONSTANT_CONVERSION = YES;
				CLANG_WARN_DEPRECATED_OBJC_IMPLEMENTATIONS = YES;
				CLANG_WARN_DIRECT_OBJC_ISA_USAGE = YES_ERROR;
				CLANG_WARN_DOCUMENTATION_COMMENTS = YES;
				CLANG_WARN_EMPTY_BODY = YES;
				CLANG_WARN_ENUM_CONVERSION = YES;
				CLANG_WARN_INFINITE_RECURSION = YES;
				CLANG_WARN_INT_CONVERSION = YES;
				CLANG_WARN_NON_LITERAL_NULL_CONVERSION = YES;
				CLANG_WARN_OBJC_IMPLICIT_RETAIN_SELF = YES;
				CLANG_WARN_OBJC_LITERAL_CONVERSION = YES;
				CLANG_WARN_OBJC_ROOT_CLASS = YES_ERROR;
				CLANG_WARN_RANGE_LOOP_ANALYSIS = YES;
				CLANG_WARN_STRICT_PROTOTYPES = YES;
				CLANG_WARN_SUSPICIOUS_MOVE = YES;
				CLANG_WARN_UNGUARDED_AVAILABILITY = YES_AGGRESSIVE;
				CLANG_WARN_UNREACHABLE_CODE = YES;
				CLANG_WARN__DUPLICATE_METHOD_MATCH = YES;
				COPY_PHASE_STRIP = NO;
				DEBUG_INFORMATION_FORMAT = dwarf;
				ENABLE_STRICT_OBJC_MSGSEND = YES;
				ENABLE_TESTABILITY = YES;
				GCC_C_LANGUAGE_STANDARD = gnu11;
				GCC_DYNAMIC_NO_PIC = NO;
				GCC_NO_COMMON_BLOCKS = YES;
				GCC_OPTIMIZATION_LEVEL = 0;
				GCC_PREPROCESSOR_DEFINITIONS = (
					"DEBUG=1",
					"$(inherited)",
				);
				GCC_WARN_64_TO_32_BIT_CONVERSION = YES;
				GCC_WARN_ABOUT_RETURN_TYPE = YES_ERROR;
				GCC_WARN_UNDECLARED_SELECTOR = YES;
				GCC_WARN_UNINITIALIZED_AUTOS = YES_AGGRESSIVE;
				GCC_WARN_UNUSED_FUNCTION = YES;
				GCC_WARN_UNUSED_VARIABLE = YES;
				MACOSX_DEPLOYMENT_TARGET = 10.15;
				MTL_ENABLE_DEBUG_INFO = INCLUDE_SOURCE;
				MTL_FAST_MATH = YES;
				ONLY_ACTIVE_ARCH = YES;
				SDKROOT = macosx;
				SWIFT_ACTIVE_COMPILATION_CONDITIONS = DEBUG;
				SWIFT_OPTIMIZATION_LEVEL = "-Onone";
			};
			name = Debug;
		};
		F94AF9CA24425239006E5908 /* Release */ = {
			isa = XCBuildConfiguration;
			buildSettings = {
				ALWAYS_SEARCH_USER_PATHS = NO;
				CLANG_ANALYZER_NONNULL = YES;
				CLANG_ANALYZER_NUMBER_OBJECT_CONVERSION = YES_AGGRESSIVE;
				CLANG_CXX_LANGUAGE_STANDARD = "gnu++14";
				CLANG_CXX_LIBRARY = "libc++";
				CLANG_ENABLE_MODULES = YES;
				CLANG_ENABLE_OBJC_ARC = YES;
				CLANG_ENABLE_OBJC_WEAK = YES;
				CLANG_WARN_BLOCK_CAPTURE_AUTORELEASING = YES;
				CLANG_WARN_BOOL_CONVERSION = YES;
				CLANG_WARN_COMMA = YES;
				CLANG_WARN_CONSTANT_CONVERSION = YES;
				CLANG_WARN_DEPRECATED_OBJC_IMPLEMENTATIONS = YES;
				CLANG_WARN_DIRECT_OBJC_ISA_USAGE = YES_ERROR;
				CLANG_WARN_DOCUMENTATION_COMMENTS = YES;
				CLANG_WARN_EMPTY_BODY = YES;
				CLANG_WARN_ENUM_CONVERSION = YES;
				CLANG_WARN_INFINITE_RECURSION = YES;
				CLANG_WARN_INT_CONVERSION = YES;
				CLANG_WARN_NON_LITERAL_NULL_CONVERSION = YES;
				CLANG_WARN_OBJC_IMPLICIT_RETAIN_SELF = YES;
				CLANG_WARN_OBJC_LITERAL_CONVERSION = YES;
				CLANG_WARN_OBJC_ROOT_CLASS = YES_ERROR;
				CLANG_WARN_RANGE_LOOP_ANALYSIS = YES;
				CLANG_WARN_STRICT_PROTOTYPES = YES;
				CLANG_WARN_SUSPICIOUS_MOVE = YES;
				CLANG_WARN_UNGUARDED_AVAILABILITY = YES_AGGRESSIVE;
				CLANG_WARN_UNREACHABLE_CODE = YES;
				CLANG_WARN__DUPLICATE_METHOD_MATCH = YES;
				COPY_PHASE_STRIP = NO;
				DEBUG_INFORMATION_FORMAT = "dwarf-with-dsym";
				ENABLE_NS_ASSERTIONS = NO;
				ENABLE_STRICT_OBJC_MSGSEND = YES;
				GCC_C_LANGUAGE_STANDARD = gnu11;
				GCC_NO_COMMON_BLOCKS = YES;
				GCC_WARN_64_TO_32_BIT_CONVERSION = YES;
				GCC_WARN_ABOUT_RETURN_TYPE = YES_ERROR;
				GCC_WARN_UNDECLARED_SELECTOR = YES;
				GCC_WARN_UNINITIALIZED_AUTOS = YES_AGGRESSIVE;
				GCC_WARN_UNUSED_FUNCTION = YES;
				GCC_WARN_UNUSED_VARIABLE = YES;
				MACOSX_DEPLOYMENT_TARGET = 10.15;
				MTL_ENABLE_DEBUG_INFO = NO;
				MTL_FAST_MATH = YES;
				SDKROOT = macosx;
				SWIFT_COMPILATION_MODE = wholemodule;
				SWIFT_OPTIMIZATION_LEVEL = "-O";
			};
			name = Release;
		};
		F94AF9CC24425239006E5908 /* Debug */ = {
			isa = XCBuildConfiguration;
			buildSettings = {
				ASSETCATALOG_COMPILER_APPICON_NAME = AppIcon;
				CODE_SIGN_ENTITLEMENTS = "IPA remover/IPA_remover.entitlements";
				CODE_SIGN_STYLE = Automatic;
				COMBINE_HIDPI_IMAGES = YES;
				INFOPLIST_FILE = "IPA remover/Info.plist";
				LD_RUNPATH_SEARCH_PATHS = (
					"$(inherited)",
					"@executable_path/../Frameworks",
				);
				PRODUCT_BUNDLE_IDENTIFIER = "com.test.IPA-remover";
				PRODUCT_NAME = "$(TARGET_NAME)";
				SWIFT_VERSION = 5.0;
			};
			name = Debug;
		};
		F94AF9CD24425239006E5908 /* Release */ = {
			isa = XCBuildConfiguration;
			buildSettings = {
				ASSETCATALOG_COMPILER_APPICON_NAME = AppIcon;
				CODE_SIGN_ENTITLEMENTS = "IPA remover/IPA_remover.entitlements";
				CODE_SIGN_STYLE = Automatic;
				COMBINE_HIDPI_IMAGES = YES;
				INFOPLIST_FILE = "IPA remover/Info.plist";
				LD_RUNPATH_SEARCH_PATHS = (
					"$(inherited)",
					"@executable_path/../Frameworks",
				);
				PRODUCT_BUNDLE_IDENTIFIER = "com.test.IPA-remover";
				PRODUCT_NAME = "$(TARGET_NAME)";
				SWIFT_VERSION = 5.0;
			};
			name = Release;
		};
/* End XCBuildConfiguration section */

/* Begin XCConfigurationList section */
		F94AF9B624425236006E5908 /* Build configuration list for PBXProject "IPA remover" */ = {
			isa = XCConfigurationList;
			buildConfigurations = (
				F94AF9C924425239006E5908 /* Debug */,
				F94AF9CA24425239006E5908 /* Release */,
			);
			defaultConfigurationIsVisible = 0;
			defaultConfigurationName = Release;
		};
		F94AF9CB24425239006E5908 /* Build configuration list for PBXNativeTarget "IPA remover" */ = {
			isa = XCConfigurationList;
			buildConfigurations = (
				F94AF9CC24425239006E5908 /* Debug */,
				F94AF9CD24425239006E5908 /* Release */,
			);
			defaultConfigurationIsVisible = 0;
			defaultConfigurationName = Release;
		};
/* End XCConfigurationList section */
	};
	rootObject = F94AF9B324425236006E5908 /* Project object */;
}
